
Microsoft Visual Studio Solution File, Format Version 12.00
# Visual Studio Version 17
VisualStudioVersion = 17.4.33213.308
MinimumVisualStudioVersion = 10.0.40219.1
Project("{FAE04EC0-301F-11D3-BF4B-00C04F79EFBC}") = "Api", "Api\Api.csproj", "{301C6E66-1E84-4E9D-A3E0-E8655FB254F2}"
EndProject
Project("{FAE04EC0-301F-11D3-BF4B-00C04F79EFBC}") = "Repositories", "Repositories\Repositories.csproj", "{4E59AC8F-82E0-4553-884A-ABF5A9A85E8F}"
EndProject
Project("{FAE04EC0-301F-11D3-BF4B-00C04F79EFBC}") = "Dominio", "Dominio\Dominio.csproj", "{5F05CE3C-73E7-4EAB-B3E2-023AC8565CF8}"
EndProject
Global
	GlobalSection(SolutionConfigurationPlatforms) = preSolution
		Debug|Any CPU = Debug|Any CPU
		Release|Any CPU = Release|Any CPU
	EndGlobalSection
	GlobalSection(ProjectConfigurationPlatforms) = postSolution
		{301C6E66-1E84-4E9D-A3E0-E8655FB254F2}.Debug|Any CPU.ActiveCfg = Debug|Any CPU
		{301C6E66-1E84-4E9D-A3E0-E8655FB254F2}.Debug|Any CPU.Build.0 = Debug|Any CPU
		{301C6E66-1E84-4E9D-A3E0-E8655FB254F2}.Release|Any CPU.ActiveCfg = Release|Any CPU
		{301C6E66-1E84-4E9D-A3E0-E8655FB254F2}.Release|Any CPU.Build.0 = Release|Any CPU
		{4E59AC8F-82E0-4553-884A-ABF5A9A85E8F}.Debug|Any CPU.ActiveCfg = Debug|Any CPU
		{4E59AC8F-82E0-4553-884A-ABF5A9A85E8F}.Debug|Any CPU.Build.0 = Debug|Any CPU
		{4E59AC8F-82E0-4553-884A-ABF5A9A85E8F}.Release|Any CPU.ActiveCfg = Release|Any CPU
		{4E59AC8F-82E0-4553-884A-ABF5A9A85E8F}.Release|Any CPU.Build.0 = Release|Any CPU
		{5F05CE3C-73E7-4EAB-B3E2-023AC8565CF8}.Debug|Any CPU.ActiveCfg = Debug|Any CPU
		{5F05CE3C-73E7-4EAB-B3E2-023AC8565CF8}.Debug|Any CPU.Build.0 = Debug|Any CPU
		{5F05CE3C-73E7-4EAB-B3E2-023AC8565CF8}.Release|Any CPU.ActiveCfg = Release|Any CPU
		{5F05CE3C-73E7-4EAB-B3E2-023AC8565CF8}.Release|Any CPU.Build.0 = Release|Any CPU
	EndGlobalSection
	GlobalSection(SolutionProperties) = preSolution
		HideSolutionNode = FALSE
	EndGlobalSection
	GlobalSection(ExtensibilityGlobals) = postSolution
		SolutionGuid = {E0CBF417-8CD0-4586-B40D-8EF4EBAE4E00}
	EndGlobalSection
EndGlobal
